{
  "name": "desk-calculator.github.io",
  "version": "1.0.0",
  "lockfileVersion": 1,
  "requires": true,
  "dependencies": {
    "@types/jquery": {
      "version": "1.10.34",
      "resolved": "https://registry.npmjs.org/@types/jquery/-/jquery-1.10.34.tgz",
      "integrity": "sha512-j+HAnXM05gcCOakYmyHgzKebQUmJwNkHslY1PF94ElcbvEauFWsO4BG2k1uiCvwebAiBp3hYW0OggAC0D9f+1w==",
      "dev": true
    }
  }
}
